
Microsoft Visual Studio Solution File, Format Version 12.00
# Visual Studio Version 17
VisualStudioVersion = 17.2.32616.157
MinimumVisualStudioVersion = 10.0.40219.1
Project("{D2ABAB84-BF74-430A-B69E-9DC6D40DDA17}") = "hotel_ssas", "hotel_ssas.dwproj", "{2C4DFC62-E617-41A4-A0A0-A66B389734A7}"
EndProject
Global
	GlobalSection(SolutionConfigurationPlatforms) = preSolution
		Development|Default = Development|Default
	EndGlobalSection
	GlobalSection(ProjectConfigurationPlatforms) = postSolution
		{2C4DFC62-E617-41A4-A0A0-A66B389734A7}.Development|Default.ActiveCfg = Development
		{2C4DFC62-E617-41A4-A0A0-A66B389734A7}.Development|Default.Build.0 = Development
		{2C4DFC62-E617-41A4-A0A0-A66B389734A7}.Development|Default.Deploy.0 = Development
	EndGlobalSection
	GlobalSection(SolutionProperties) = preSolution
		HideSolutionNode = FALSE
	EndGlobalSection
	GlobalSection(ExtensibilityGlobals) = postSolution
		SolutionGuid = {82374319-9F86-47AB-8AC2-DB8B26A7C879}
	EndGlobalSection
EndGlobal
